
Microsoft Visual Studio Solution File, Format Version 12.00
# Visual Studio 2012
Project("{FAE04EC0-301F-11D3-BF4B-00C04F79EFBC}") = "JSON.SyntaxValidator", "JSON.SyntaxValidator\JSON.SyntaxValidator\JSON.SyntaxValidator\JSON.SyntaxValidator.csproj", "{2E2AA82F-740B-41FD-855D-60618319F8CC}"
EndProject
Project("{FAE04EC0-301F-11D3-BF4B-00C04F79EFBC}") = "JsonParserUnitTests2012", "JSON.SyntaxValidator\JSON.SyntaxValidator\JSON.SyntaxValidator\JSON.SyntaxValidatorUnitTests\JsonParserUnitTests2012.csproj", "{D166E7BD-018F-4721-A57C-7A295D8D22B5}"
EndProject
Project("{FAE04EC0-301F-11D3-BF4B-00C04F79EFBC}") = "CTxt", "CTxt\CTxt.csproj", "{9908E6C8-15B6-47F7-AC26-33DC6F02BA18}"
EndProject
Project("{FAE04EC0-301F-11D3-BF4B-00C04F79EFBC}") = "CTxtUnitTests2012", "CTxt\CTxtUnitTests2012\CTxtUnitTests2012.csproj", "{C349EB5F-004C-4A6E-9949-19335FB44C36}"
EndProject
Project("{FAE04EC0-301F-11D3-BF4B-00C04F79EFBC}") = "TextHighlighterExtension2012", "TextHighlighterExtension2012\TextHighlighterExtension2012.csproj", "{C9DC3973-2977-4DA4-B700-E33192A3A09B}"
EndProject
Project("{FAE04EC0-301F-11D3-BF4B-00C04F79EFBC}") = "TextHighlighterColorDefinition", "TextHighlighterColorDefinition\TextHighlighterColorDefinition.csproj", "{72A3BE8B-1113-4AAC-B086-C1C11FD06420}"
EndProject
Project("{FAE04EC0-301F-11D3-BF4B-00C04F79EFBC}") = "TextHighlighterColorDefinitionUnitTests", "TextHighlighterColorDefinitionUnitTests\TextHighlighterColorDefinitionUnitTests.csproj", "{1A46E63F-BC39-4922-A8F0-B84F198EE5F5}"
EndProject
Project("{FAE04EC0-301F-11D3-BF4B-00C04F79EFBC}") = "Utils", "Utils\Utils.csproj", "{D73D6197-9304-4738-80C3-1FC8FDD404A5}"
EndProject
Project("{2150E333-8FDC-42A3-9474-1A3956D46DE8}") = "Solution Items", "Solution Items", "{7E9EFE18-EA84-4795-8D10-60F4D93789F6}"
EndProject
Global
	GlobalSection(SolutionConfigurationPlatforms) = preSolution
		Debug|Any CPU = Debug|Any CPU
		Release|Any CPU = Release|Any CPU
	EndGlobalSection
	GlobalSection(ProjectConfigurationPlatforms) = postSolution
		{2E2AA82F-740B-41FD-855D-60618319F8CC}.Debug|Any CPU.ActiveCfg = Debug|Any CPU
		{2E2AA82F-740B-41FD-855D-60618319F8CC}.Debug|Any CPU.Build.0 = Debug|Any CPU
		{2E2AA82F-740B-41FD-855D-60618319F8CC}.Release|Any CPU.ActiveCfg = Release|Any CPU
		{2E2AA82F-740B-41FD-855D-60618319F8CC}.Release|Any CPU.Build.0 = Release|Any CPU
		{D166E7BD-018F-4721-A57C-7A295D8D22B5}.Debug|Any CPU.ActiveCfg = Debug|Any CPU
		{D166E7BD-018F-4721-A57C-7A295D8D22B5}.Debug|Any CPU.Build.0 = Debug|Any CPU
		{D166E7BD-018F-4721-A57C-7A295D8D22B5}.Release|Any CPU.ActiveCfg = Release|Any CPU
		{D166E7BD-018F-4721-A57C-7A295D8D22B5}.Release|Any CPU.Build.0 = Release|Any CPU
		{9908E6C8-15B6-47F7-AC26-33DC6F02BA18}.Debug|Any CPU.ActiveCfg = Debug|Any CPU
		{9908E6C8-15B6-47F7-AC26-33DC6F02BA18}.Debug|Any CPU.Build.0 = Debug|Any CPU
		{9908E6C8-15B6-47F7-AC26-33DC6F02BA18}.Release|Any CPU.ActiveCfg = Release|Any CPU
		{9908E6C8-15B6-47F7-AC26-33DC6F02BA18}.Release|Any CPU.Build.0 = Release|Any CPU
		{C349EB5F-004C-4A6E-9949-19335FB44C36}.Debug|Any CPU.ActiveCfg = Debug|Any CPU
		{C349EB5F-004C-4A6E-9949-19335FB44C36}.Debug|Any CPU.Build.0 = Debug|Any CPU
		{C349EB5F-004C-4A6E-9949-19335FB44C36}.Release|Any CPU.ActiveCfg = Release|Any CPU
		{C349EB5F-004C-4A6E-9949-19335FB44C36}.Release|Any CPU.Build.0 = Release|Any CPU
		{C9DC3973-2977-4DA4-B700-E33192A3A09B}.Debug|Any CPU.ActiveCfg = Debug|Any CPU
		{C9DC3973-2977-4DA4-B700-E33192A3A09B}.Debug|Any CPU.Build.0 = Debug|Any CPU
		{C9DC3973-2977-4DA4-B700-E33192A3A09B}.Release|Any CPU.ActiveCfg = Release|Any CPU
		{C9DC3973-2977-4DA4-B700-E33192A3A09B}.Release|Any CPU.Build.0 = Release|Any CPU
		{72A3BE8B-1113-4AAC-B086-C1C11FD06420}.Debug|Any CPU.ActiveCfg = Debug|Any CPU
		{72A3BE8B-1113-4AAC-B086-C1C11FD06420}.Debug|Any CPU.Build.0 = Debug|Any CPU
		{72A3BE8B-1113-4AAC-B086-C1C11FD06420}.Release|Any CPU.ActiveCfg = Release|Any CPU
		{72A3BE8B-1113-4AAC-B086-C1C11FD06420}.Release|Any CPU.Build.0 = Release|Any CPU
		{1A46E63F-BC39-4922-A8F0-B84F198EE5F5}.Debug|Any CPU.ActiveCfg = Debug|Any CPU
		{1A46E63F-BC39-4922-A8F0-B84F198EE5F5}.Debug|Any CPU.Build.0 = Debug|Any CPU
		{1A46E63F-BC39-4922-A8F0-B84F198EE5F5}.Release|Any CPU.ActiveCfg = Release|Any CPU
		{1A46E63F-BC39-4922-A8F0-B84F198EE5F5}.Release|Any CPU.Build.0 = Release|Any CPU
		{D73D6197-9304-4738-80C3-1FC8FDD404A5}.Debug|Any CPU.ActiveCfg = Debug|Any CPU
		{D73D6197-9304-4738-80C3-1FC8FDD404A5}.Debug|Any CPU.Build.0 = Debug|Any CPU
		{D73D6197-9304-4738-80C3-1FC8FDD404A5}.Release|Any CPU.ActiveCfg = Release|Any CPU
		{D73D6197-9304-4738-80C3-1FC8FDD404A5}.Release|Any CPU.Build.0 = Release|Any CPU
	EndGlobalSection
	GlobalSection(SolutionProperties) = preSolution
		HideSolutionNode = FALSE
	EndGlobalSection
EndGlobal
